
Microsoft Visual Studio Solution File, Format Version 12.00
# Visual Studio Version 16
VisualStudioVersion = 16.0.31321.278
MinimumVisualStudioVersion = 10.0.40219.1
Project("{FAE04EC0-301F-11D3-BF4B-00C04F79EFBC}") = "QueueExample", "QueueExample\QueueExample.csproj", "{9C94844B-1650-49AE-8724-7A1C0DB1205D}"
EndProject
Global
	GlobalSection(SolutionConfigurationPlatforms) = preSolution
		Debug|Any CPU = Debug|Any CPU
		Release|Any CPU = Release|Any CPU
	EndGlobalSection
	GlobalSection(ProjectConfigurationPlatforms) = postSolution
		{9C94844B-1650-49AE-8724-7A1C0DB1205D}.Debug|Any CPU.ActiveCfg = Debug|Any CPU
		{9C94844B-1650-49AE-8724-7A1C0DB1205D}.Debug|Any CPU.Build.0 = Debug|Any CPU
		{9C94844B-1650-49AE-8724-7A1C0DB1205D}.Release|Any CPU.ActiveCfg = Release|Any CPU
		{9C94844B-1650-49AE-8724-7A1C0DB1205D}.Release|Any CPU.Build.0 = Release|Any CPU
	EndGlobalSection
	GlobalSection(SolutionProperties) = preSolution
		HideSolutionNode = FALSE
	EndGlobalSection
	GlobalSection(ExtensibilityGlobals) = postSolution
		SolutionGuid = {EB843FA1-5C98-4643-A0F0-E3B255DD7257}
	EndGlobalSection
EndGlobal
